
Microsoft Visual Studio Solution File, Format Version 12.00
# Visual Studio Version 16
VisualStudioVersion = 16.0.31624.102
MinimumVisualStudioVersion = 10.0.40219.1
Project("{9A19103F-16F7-4668-BE54-9A1E7A4F7556}") = "Laba №5", "Laba №5.csproj", "{EC179DBC-FD30-4A73-9094-F537D3D178D8}"
EndProject
Global
	GlobalSection(SolutionConfigurationPlatforms) = preSolution
		Debug|Any CPU = Debug|Any CPU
		Release|Any CPU = Release|Any CPU
	EndGlobalSection
	GlobalSection(ProjectConfigurationPlatforms) = postSolution
		{EC179DBC-FD30-4A73-9094-F537D3D178D8}.Debug|Any CPU.ActiveCfg = Debug|Any CPU
		{EC179DBC-FD30-4A73-9094-F537D3D178D8}.Debug|Any CPU.Build.0 = Debug|Any CPU
		{EC179DBC-FD30-4A73-9094-F537D3D178D8}.Release|Any CPU.ActiveCfg = Release|Any CPU
		{EC179DBC-FD30-4A73-9094-F537D3D178D8}.Release|Any CPU.Build.0 = Release|Any CPU
	EndGlobalSection
	GlobalSection(SolutionProperties) = preSolution
		HideSolutionNode = FALSE
	EndGlobalSection
	GlobalSection(ExtensibilityGlobals) = postSolution
		SolutionGuid = {16DF0F1C-8C63-4068-A0D8-F3584709F55A}
	EndGlobalSection
EndGlobal
